
Microsoft Visual Studio Solution File, Format Version 12.00
# Visual Studio Version 16
VisualStudioVersion = 16.0.31019.35
MinimumVisualStudioVersion = 10.0.40219.1
Project("{9A19103F-16F7-4668-BE54-9A1E7A4F7556}") = "Camp", "Kamp\Camp.csproj", "{4640B854-C5EA-4588-BDF4-C5AFEE203BFC}"
EndProject
Project("{9A19103F-16F7-4668-BE54-9A1E7A4F7556}") = "ClassIntro", "ClassIntro\ClassIntro.csproj", "{A3101008-1901-4A03-BF1E-19A9896C7F8C}"
EndProject
Project("{9A19103F-16F7-4668-BE54-9A1E7A4F7556}") = "ValueAndReferenceTypes", "DegerVeReferansTipler\ValueAndReferenceTypes.csproj", "{4C13128D-A9BE-44C9-9421-38735DFF3B0B}"
EndProject
Project("{9A19103F-16F7-4668-BE54-9A1E7A4F7556}") = "Loops", "Donguler\Loops.csproj", "{EC048D59-FCC6-4BFE-AE4C-E7E50475CA55}"
EndProject
Project("{9A19103F-16F7-4668-BE54-9A1E7A4F7556}") = "Maths", "Matematik\Maths.csproj", "{F422AB8E-D932-4117-9E54-BA2728803663}"
EndProject
Project("{9A19103F-16F7-4668-BE54-9A1E7A4F7556}") = "Methods", "Metotlar\Methods.csproj", "{415A48D2-B74D-45D4-A216-2D22A2CEE3D3}"
EndProject
Project("{9A19103F-16F7-4668-BE54-9A1E7A4F7556}") = "OOP", "OOP1\OOP.csproj", "{F6646BAD-B083-4C65-AC6D-D9D01F7A8874}"
EndProject
Project("{9A19103F-16F7-4668-BE54-9A1E7A4F7556}") = "Collections", "Koleksiyonlar\Collections.csproj", "{C441E6CB-9C2D-417F-82F4-5EFCCD915431}"
EndProject
Project("{9A19103F-16F7-4668-BE54-9A1E7A4F7556}") = "GenericsIntro", "GenericsIntro\GenericsIntro.csproj", "{861BEA24-83A4-4F9C-A594-0B0F65818E34}"
EndProject
Project("{9A19103F-16F7-4668-BE54-9A1E7A4F7556}") = "Classes", "Classes\Classes.csproj", "{00921CB5-EE61-4147-BDA1-493C10B6750E}"
EndProject
Project("{FAE04EC0-301F-11D3-BF4B-00C04F79EFBC}") = "OOP2", "OOP2\OOP2.csproj", "{6E702885-0A53-4000-9B57-F6286D1E4A9E}"
EndProject
Project("{FAE04EC0-301F-11D3-BF4B-00C04F79EFBC}") = "OOP3", "OOP3\OOP3.csproj", "{BD34A327-039E-4C38-9C3E-693DA5041702}"
EndProject
Global
	GlobalSection(SolutionConfigurationPlatforms) = preSolution
		Debug|Any CPU = Debug|Any CPU
		Release|Any CPU = Release|Any CPU
	EndGlobalSection
	GlobalSection(ProjectConfigurationPlatforms) = postSolution
		{4640B854-C5EA-4588-BDF4-C5AFEE203BFC}.Debug|Any CPU.ActiveCfg = Debug|Any CPU
		{4640B854-C5EA-4588-BDF4-C5AFEE203BFC}.Debug|Any CPU.Build.0 = Debug|Any CPU
		{4640B854-C5EA-4588-BDF4-C5AFEE203BFC}.Release|Any CPU.ActiveCfg = Release|Any CPU
		{4640B854-C5EA-4588-BDF4-C5AFEE203BFC}.Release|Any CPU.Build.0 = Release|Any CPU
		{A3101008-1901-4A03-BF1E-19A9896C7F8C}.Debug|Any CPU.ActiveCfg = Debug|Any CPU
		{A3101008-1901-4A03-BF1E-19A9896C7F8C}.Debug|Any CPU.Build.0 = Debug|Any CPU
		{A3101008-1901-4A03-BF1E-19A9896C7F8C}.Release|Any CPU.ActiveCfg = Release|Any CPU
		{A3101008-1901-4A03-BF1E-19A9896C7F8C}.Release|Any CPU.Build.0 = Release|Any CPU
		{4C13128D-A9BE-44C9-9421-38735DFF3B0B}.Debug|Any CPU.ActiveCfg = Debug|Any CPU
		{4C13128D-A9BE-44C9-9421-38735DFF3B0B}.Debug|Any CPU.Build.0 = Debug|Any CPU
		{4C13128D-A9BE-44C9-9421-38735DFF3B0B}.Release|Any CPU.ActiveCfg = Release|Any CPU
		{4C13128D-A9BE-44C9-9421-38735DFF3B0B}.Release|Any CPU.Build.0 = Release|Any CPU
		{EC048D59-FCC6-4BFE-AE4C-E7E50475CA55}.Debug|Any CPU.ActiveCfg = Debug|Any CPU
		{EC048D59-FCC6-4BFE-AE4C-E7E50475CA55}.Debug|Any CPU.Build.0 = Debug|Any CPU
		{EC048D59-FCC6-4BFE-AE4C-E7E50475CA55}.Release|Any CPU.ActiveCfg = Release|Any CPU
		{EC048D59-FCC6-4BFE-AE4C-E7E50475CA55}.Release|Any CPU.Build.0 = Release|Any CPU
		{F422AB8E-D932-4117-9E54-BA2728803663}.Debug|Any CPU.ActiveCfg = Debug|Any CPU
		{F422AB8E-D932-4117-9E54-BA2728803663}.Debug|Any CPU.Build.0 = Debug|Any CPU
		{F422AB8E-D932-4117-9E54-BA2728803663}.Release|Any CPU.ActiveCfg = Release|Any CPU
		{F422AB8E-D932-4117-9E54-BA2728803663}.Release|Any CPU.Build.0 = Release|Any CPU
		{415A48D2-B74D-45D4-A216-2D22A2CEE3D3}.Debug|Any CPU.ActiveCfg = Debug|Any CPU
		{415A48D2-B74D-45D4-A216-2D22A2CEE3D3}.Debug|Any CPU.Build.0 = Debug|Any CPU
		{415A48D2-B74D-45D4-A216-2D22A2CEE3D3}.Release|Any CPU.ActiveCfg = Release|Any CPU
		{415A48D2-B74D-45D4-A216-2D22A2CEE3D3}.Release|Any CPU.Build.0 = Release|Any CPU
		{F6646BAD-B083-4C65-AC6D-D9D01F7A8874}.Debug|Any CPU.ActiveCfg = Debug|Any CPU
		{F6646BAD-B083-4C65-AC6D-D9D01F7A8874}.Debug|Any CPU.Build.0 = Debug|Any CPU
		{F6646BAD-B083-4C65-AC6D-D9D01F7A8874}.Release|Any CPU.ActiveCfg = Release|Any CPU
		{F6646BAD-B083-4C65-AC6D-D9D01F7A8874}.Release|Any CPU.Build.0 = Release|Any CPU
		{C441E6CB-9C2D-417F-82F4-5EFCCD915431}.Debug|Any CPU.ActiveCfg = Debug|Any CPU
		{C441E6CB-9C2D-417F-82F4-5EFCCD915431}.Debug|Any CPU.Build.0 = Debug|Any CPU
		{C441E6CB-9C2D-417F-82F4-5EFCCD915431}.Release|Any CPU.ActiveCfg = Release|Any CPU
		{C441E6CB-9C2D-417F-82F4-5EFCCD915431}.Release|Any CPU.Build.0 = Release|Any CPU
		{861BEA24-83A4-4F9C-A594-0B0F65818E34}.Debug|Any CPU.ActiveCfg = Debug|Any CPU
		{861BEA24-83A4-4F9C-A594-0B0F65818E34}.Debug|Any CPU.Build.0 = Debug|Any CPU
		{861BEA24-83A4-4F9C-A594-0B0F65818E34}.Release|Any CPU.ActiveCfg = Release|Any CPU
		{861BEA24-83A4-4F9C-A594-0B0F65818E34}.Release|Any CPU.Build.0 = Release|Any CPU
		{00921CB5-EE61-4147-BDA1-493C10B6750E}.Debug|Any CPU.ActiveCfg = Debug|Any CPU
		{00921CB5-EE61-4147-BDA1-493C10B6750E}.Debug|Any CPU.Build.0 = Debug|Any CPU
		{00921CB5-EE61-4147-BDA1-493C10B6750E}.Release|Any CPU.ActiveCfg = Release|Any CPU
		{00921CB5-EE61-4147-BDA1-493C10B6750E}.Release|Any CPU.Build.0 = Release|Any CPU
		{6E702885-0A53-4000-9B57-F6286D1E4A9E}.Debug|Any CPU.ActiveCfg = Debug|Any CPU
		{6E702885-0A53-4000-9B57-F6286D1E4A9E}.Debug|Any CPU.Build.0 = Debug|Any CPU
		{6E702885-0A53-4000-9B57-F6286D1E4A9E}.Release|Any CPU.ActiveCfg = Release|Any CPU
		{6E702885-0A53-4000-9B57-F6286D1E4A9E}.Release|Any CPU.Build.0 = Release|Any CPU
		{BD34A327-039E-4C38-9C3E-693DA5041702}.Debug|Any CPU.ActiveCfg = Debug|Any CPU
		{BD34A327-039E-4C38-9C3E-693DA5041702}.Debug|Any CPU.Build.0 = Debug|Any CPU
		{BD34A327-039E-4C38-9C3E-693DA5041702}.Release|Any CPU.ActiveCfg = Release|Any CPU
		{BD34A327-039E-4C38-9C3E-693DA5041702}.Release|Any CPU.Build.0 = Release|Any CPU
	EndGlobalSection
	GlobalSection(SolutionProperties) = preSolution
		HideSolutionNode = FALSE
	EndGlobalSection
	GlobalSection(ExtensibilityGlobals) = postSolution
		SolutionGuid = {014BA087-177C-4240-80E7-2A1983326032}
	EndGlobalSection
EndGlobal
